# This file is @generated by PDM.
# It is not intended for manual editing.

[metadata]
groups = ["default"]
strategy = ["cross_platform", "inherit_metadata"]
lock_version = "4.4.1"
content_hash = "sha256:6dc33af250d91ea5ee51e7531e7306066648e7c80807e6e54868c325a84a1358"

[[package]]
name = "pymupdf"
version = "1.24.5"
requires_python = ">=3.8"
summary = "A high performance Python library for data extraction, analysis, conversion & manipulation of PDF (and other) documents."
groups = ["default"]
dependencies = [
    "PyMuPDFb==1.24.3",
]
files = [
    {file = "PyMuPDF-1.24.5-cp310-none-macosx_10_9_x86_64.whl", hash = "sha256:6f8514e345702c1978c8888a5515f0b38325d688fd377e7fc1d0744b92cca934"},
    {file = "PyMuPDF-1.24.5-cp310-none-macosx_11_0_arm64.whl", hash = "sha256:b2b089cd75b28479d999aa0d02e25c2148a3048459777457dbb9f583a6d9926e"},
    {file = "PyMuPDF-1.24.5-cp310-none-manylinux2014_aarch64.whl", hash = "sha256:ddecb4098b843bf50f86e50fe418dcc382fe536225cbf07d98249f5db45c154b"},
    {file = "PyMuPDF-1.24.5-cp310-none-manylinux2014_x86_64.whl", hash = "sha256:0741a8bae81fe72ae12984c969a1f2bd47aa97e757d3a457ee46386c70b260c3"},
    {file = "PyMuPDF-1.24.5-cp310-none-win32.whl", hash = "sha256:e1025960650ed601f2707ba5623c08d73a4cef15ebbbf65cbbbb4e0eadd71a03"},
    {file = "PyMuPDF-1.24.5-cp310-none-win_amd64.whl", hash = "sha256:c2ee61ba4b6302d67c88e7e0c5b3fbea2c4c4c05f567182c465a1b9af6067e51"},
    {file = "PyMuPDF-1.24.5.tar.gz", hash = "sha256:968d30ab20be828aab56bb04621bbb9f962c59ab5f1788236473c372fe797093"},
]

[[package]]
name = "pymupdfb"
version = "1.24.3"
requires_python = ">=3.8"
summary = "MuPDF shared libraries for PyMuPDF."
groups = ["default"]
files = [
    {file = "PyMuPDFb-1.24.3-py3-none-macosx_10_9_x86_64.whl", hash = "sha256:d2ccca660042896d4af479f979ec10674c5a0b3cd2d9ecb0011f08dc82380cce"},
    {file = "PyMuPDFb-1.24.3-py3-none-macosx_11_0_arm64.whl", hash = "sha256:ad51d21086a16199684a3eebcb47d9c8460fc27e7bebae77f5fe64e8c34ebf34"},
    {file = "PyMuPDFb-1.24.3-py3-none-manylinux2014_aarch64.manylinux_2_17_aarch64.whl", hash = "sha256:3e7aab000d707c40e3254cd60152897b90952ed9a3567584d70974292f4912ce"},
    {file = "PyMuPDFb-1.24.3-py3-none-manylinux2014_x86_64.manylinux_2_17_x86_64.whl", hash = "sha256:f39588fd2b7a63e2456df42cd8925c316202e0eb77d115d9c01ba032b2c9086f"},
    {file = "PyMuPDFb-1.24.3-py3-none-win32.whl", hash = "sha256:0d606a10cb828cefc9f864bf67bc9d46e8007af55e643f022b59d378af4151a8"},
    {file = "PyMuPDFb-1.24.3-py3-none-win_amd64.whl", hash = "sha256:e88289bd4b4afe5966a028774b302f37d4b51dad5c5e6720dd04524910db6c6e"},
    {file = "PyMuPDFb-1.24.3.tar.gz", hash = "sha256:7cc5da3031d160e0f01dbb88567ddca70adc82f062a3a5b4e2dd2a57646f442c"},
]
